{
  "version": 4,
  "terraform_version": "1.10.5",
  "serial": 7,
  "lineage": "71c28d7b-afb8-09eb-20ac-27532a042a22",
  "outputs": {},
  "resources": [
    {
      "mode": "managed",
      "type": "aws_default_vpc",
      "name": "default",
      "provider": "provider[\"registry.terraform.io/hashicorp/aws\"]",
      "instances": [
        {
          "schema_version": 1,
          "attributes": {
            "arn": "arn:aws:ec2:us-east-2:615299730481:vpc/vpc-0a1ceb280397d8cc7",
            "assign_generated_ipv6_cidr_block": false,
            "cidr_block": "172.31.0.0/16",
            "default_network_acl_id": "acl-043a7bb6c689604df",
            "default_route_table_id": "rtb-0c5bcd8f7446988a5",
            "default_security_group_id": "sg-077618a977fe48abf",
            "dhcp_options_id": "dopt-01cfae3bbff9114d3",
            "enable_dns_hostnames": true,
            "enable_dns_support": true,
            "enable_network_address_usage_metrics": false,
            "existing_default_vpc": true,
            "force_destroy": false,
            "id": "vpc-0a1ceb280397d8cc7",
            "instance_tenancy": "default",
            "ipv6_association_id": "",
            "ipv6_cidr_block": "",
            "ipv6_cidr_block_network_border_group": "",
            "ipv6_ipam_pool_id": "",
            "ipv6_netmask_length": 0,
            "main_route_table_id": "rtb-0c5bcd8f7446988a5",
            "owner_id": "615299730481",
            "tags": {},
            "tags_all": {}
          },
          "sensitive_attributes": [],
          "private": "eyJzY2hlbWFfdmVyc2lvbiI6IjEifQ=="
        }
      ]
    },
    {
      "mode": "managed",
      "type": "aws_key_pair",
      "name": "deployer",
      "provider": "provider[\"registry.terraform.io/hashicorp/aws\"]",
      "instances": [
        {
          "schema_version": 1,
          "attributes": {
            "arn": "arn:aws:ec2:us-east-2:615299730481:key-pair/terra-automate-key",
            "fingerprint": "jNz3EildVuck8GS61GWhSD6sLeqwIti/fsm3gc5L5Qs=",
            "id": "terra-automate-key",
            "key_name": "terra-automate-key",
            "key_name_prefix": "",
            "key_pair_id": "key-02c0eab287f0cd853",
            "key_type": "ed25519",
            "public_key": "ssh-ed25519 AAAAC3NzaC1lZDI1NTE5AAAAIK0bBh41wVpi2Lg10BQ6dkoSgBW6eHy+mi8Jfzpq5LKw Deven@THE_LONE_WOLF",
            "tags": null,
            "tags_all": {}
          },
          "sensitive_attributes": [],
          "private": "eyJzY2hlbWFfdmVyc2lvbiI6IjEifQ=="
        }
      ]
    }
  ],
  "check_results": null
}
